{
  "name": "marketcheck",
  "version": "0.1.2",
  "lockfileVersion": 1,
  "requires": true,
  "dependencies": {
    "downshift": {
      "version": "1.5.0",
      "resolved": "https://registry.npmjs.org/downshift/-/downshift-1.5.0.tgz",
      "integrity": "sha512-twxzSyUdOXUsBjCGhNC6pKt0qrsdXIJp0oXjYpo9C0li97IS/nfBQuhG/EENMHW+9qz9w/kWD4BdlmZCHAh/ow==",
      "dev": true
    }
  }
}
